
Microsoft Visual Studio Solution File, Format Version 12.00
# Visual Studio Version 17
VisualStudioVersion = 17.1.32421.90
MinimumVisualStudioVersion = 10.0.40219.1
Project("{FAE04EC0-301F-11D3-BF4B-00C04F79EFBC}") = "FootballLeagueManagement", "FootballLeagueManagement.csproj", "{35AA0826-1B70-4451-844B-3C829A7A9421}"
EndProject
Global
	GlobalSection(SolutionConfigurationPlatforms) = preSolution
		Debug|Any CPU = Debug|Any CPU
		Release|Any CPU = Release|Any CPU
	EndGlobalSection
	GlobalSection(ProjectConfigurationPlatforms) = postSolution
		{35AA0826-1B70-4451-844B-3C829A7A9421}.Debug|Any CPU.ActiveCfg = Debug|Any CPU
		{35AA0826-1B70-4451-844B-3C829A7A9421}.Debug|Any CPU.Build.0 = Debug|Any CPU
		{35AA0826-1B70-4451-844B-3C829A7A9421}.Release|Any CPU.ActiveCfg = Release|Any CPU
		{35AA0826-1B70-4451-844B-3C829A7A9421}.Release|Any CPU.Build.0 = Release|Any CPU
	EndGlobalSection
	GlobalSection(SolutionProperties) = preSolution
		HideSolutionNode = FALSE
	EndGlobalSection
	GlobalSection(ExtensibilityGlobals) = postSolution
		SolutionGuid = {D6F96CFF-002B-4C0C-A08D-ED0A4D8759D8}
	EndGlobalSection
EndGlobal
